dependencies:
- name: loki
  repository: file://./charts/loki
  version: 6.43.0
- name: prometheus-node-exporter
  repository: file://./charts/prometheus-node-exporter/
  version: 4.48.0
digest: sha256:b41dca8baca652f117564c27468df277193333219659dbd45f74c2d3848f8368
generated: "2025-10-16T15:39:56.480587858-07:00"
